
Microsoft Visual Studio Solution File, Format Version 12.00
# Visual Studio 15
VisualStudioVersion = 15.0.28010.2050
MinimumVisualStudioVersion = 10.0.40219.1
Project("{FAE04EC0-301F-11D3-BF4B-00C04F79EFBC}") = "RateMyRecipe", "RateMyRecipe\RateMyRecipe.csproj", "{961DE8EE-AAA4-41FD-BD8A-B3A7D21F16F1}"
EndProject
Global
	GlobalSection(SolutionConfigurationPlatforms) = preSolution
		Debug|Any CPU = Debug|Any CPU
		Release|Any CPU = Release|Any CPU
	EndGlobalSection
	GlobalSection(ProjectConfigurationPlatforms) = postSolution
		{961DE8EE-AAA4-41FD-BD8A-B3A7D21F16F1}.Debug|Any CPU.ActiveCfg = Debug|Any CPU
		{961DE8EE-AAA4-41FD-BD8A-B3A7D21F16F1}.Debug|Any CPU.Build.0 = Debug|Any CPU
		{961DE8EE-AAA4-41FD-BD8A-B3A7D21F16F1}.Release|Any CPU.ActiveCfg = Release|Any CPU
		{961DE8EE-AAA4-41FD-BD8A-B3A7D21F16F1}.Release|Any CPU.Build.0 = Release|Any CPU
	EndGlobalSection
	GlobalSection(SolutionProperties) = preSolution
		HideSolutionNode = FALSE
	EndGlobalSection
	GlobalSection(ExtensibilityGlobals) = postSolution
		SolutionGuid = {340A1EC6-AFCB-46E3-AE12-73FE15685957}
	EndGlobalSection
EndGlobal
